# THIS IS AN AUTOGENERATED FILE. DO NOT EDIT THIS FILE DIRECTLY.
# yarn lockfile v1


"@fooloomanzoo/datetime-input@^3.0.4":
  version "3.0.4"
  resolved "http://npm-server.charm2012.local:4873/@fooloomanzoo%2fdatetime-input/-/datetime-input-3.0.4.tgz#f525ab75180c2eff694fc7a5d63d4d5d4f56b077"
  integrity sha512-oBUMvte2vRVgVjQMHdBl2ieeD32T6VhEXj77s66LFpvAz4nX44PgDUIi3MJmzaBvzXliqml57KKTW7WhgFc28w==
  dependencies:
    "@fooloomanzoo/input-picker-pattern" "^3.0.10"
    "@fooloomanzoo/number-input" "^3.0.9"
    "@fooloomanzoo/property-mixins" "^3.0.9"
    "@polymer/polymer" "^3"

"@fooloomanzoo/datetime-picker@^3.0.9":
  version "3.0.9"
  resolved "http://npm-server.charm2012.local:4873/@fooloomanzoo%2fdatetime-picker/-/datetime-picker-3.0.9.tgz#1a97bbc3b712c0b21ff9e6604312ceef69d537f2"
  integrity sha512-4VfrNQCQOFjeOb7UuG06k2om17FMYfm12lFBhCHkHlNnjgafXwrz3ygx4aSFpWCZSz91VR2aIYBYaczU9HkSdA==
  dependencies:
    "@fooloomanzoo/datetime-input" "^3.0.4"
    "@fooloomanzoo/input-picker-pattern" "^3.0.10"
    "@fooloomanzoo/number-input" "^3.0.10"
    "@fooloomanzoo/property-mixins" "^3.0.10"
    "@polymer/polymer" "^3"

"@fooloomanzoo/input-picker-pattern@^3.0.10":
  version "3.0.10"
  resolved "http://npm-server.charm2012.local:4873/@fooloomanzoo%2finput-picker-pattern/-/input-picker-pattern-3.0.10.tgz#fff7a3f7d0897c7674f5eb8c6c576d6633c37e6a"
  integrity sha512-jEzJNEXoPsuSTZ51euxJHCfs95v4fX3tl+KCZD81xLVlJXHhfMK40iaUoY2+pE02+m54aQuFH8hxL7c6QQvjSA==
  dependencies:
    "@polymer/iron-overlay-behavior" "^3"
    "@polymer/polymer" "^3"

"@fooloomanzoo/number-input@^3.0.10", "@fooloomanzoo/number-input@^3.0.9":
  version "3.0.10"
  resolved "http://npm-server.charm2012.local:4873/@fooloomanzoo%2fnumber-input/-/number-input-3.0.10.tgz#c3d29ef2557368f7932285ffcdf7ef2f8dcceed3"
  integrity sha512-Da5ONp6q4TiksMI2mJ6fsnoDNlghL7uag22Pcd8VJq8NOuLZ0BepGV6DQsCwcjmPJbX2yh5BFuwc+08HYi+nFA==
  dependencies:
    "@fooloomanzoo/input-picker-pattern" "^3.0.10"
    "@fooloomanzoo/property-mixins" "^3.0.9"
    "@polymer/polymer" "^3"

"@fooloomanzoo/property-mixins@^3.0.10", "@fooloomanzoo/property-mixins@^3.0.9":
  version "3.0.10"
  resolved "http://npm-server.charm2012.local:4873/@fooloomanzoo%2fproperty-mixins/-/property-mixins-3.0.10.tgz#d51c538c0bd889308abbc52d817028ecda4c5927"
  integrity sha512-V6mO7u0Nzbbgj8eu2U7ReEeuzxO9YgE9VAR4khO7lqCu8+nbiOagv5rSmkMxqVjAfZR1XRt19lEZ7zOx2wrasQ==
  dependencies:
    "@polymer/polymer" "^3"

"@polymer/iron-a11y-keys-behavior@^3.0.0-pre.26":
  version "3.0.1"
  resolved "http://npm-server.charm2012.local:4873/@polymer%2firon-a11y-keys-behavior/-/iron-a11y-keys-behavior-3.0.1.tgz#2868ea72912d2007ffab4734684a91f5aac49b84"
  integrity sha512-lnrjKq3ysbBPT/74l0Fj0U9H9C35Tpw2C/tpJ8a+5g8Y3YJs1WSZYnEl1yOkw6sEyaxOq/1DkzH0+60gGu5/PQ==
  dependencies:
    "@polymer/polymer" "^3.0.0"

"@polymer/iron-fit-behavior@^3.0.0-pre.26":
  version "3.0.1"
  resolved "http://npm-server.charm2012.local:4873/@polymer%2firon-fit-behavior/-/iron-fit-behavior-3.0.1.tgz#e5c26b0b4d9e74f0c3d6d56b9cfd460e84bddf0d"
  integrity sha512-/M0B1L30k31vmwNBaGuZcxzUAhJSHoGccb/DF0CDKI/hT8UlkTvcyemaWdOpmHHLgY52ceKIkRwA3AeXrKyvaQ==
  dependencies:
    "@polymer/polymer" "^3.0.0"

"@polymer/iron-overlay-behavior@^3":
  version "3.0.2"
  resolved "http://npm-server.charm2012.local:4873/@polymer%2firon-overlay-behavior/-/iron-overlay-behavior-3.0.2.tgz#6a12a3f4eab4721eb6978ed950be534c9c283983"
  integrity sha512-j1qmt6mJHCwpe1mKOvqK5kcCUPQr5LSrlqpgRDbUuLgUfNJ/vGTipjrkBlfbEUagm5FEQdc1VLPLSQP6WVuP9g==
  dependencies:
    "@polymer/iron-a11y-keys-behavior" "^3.0.0-pre.26"
    "@polymer/iron-fit-behavior" "^3.0.0-pre.26"
    "@polymer/iron-resizable-behavior" "^3.0.0-pre.26"
    "@polymer/polymer" "^3.0.0"

"@polymer/iron-resizable-behavior@^3.0.0-pre.26":
  version "3.0.1"
  resolved "http://npm-server.charm2012.local:4873/@polymer%2firon-resizable-behavior/-/iron-resizable-behavior-3.0.1.tgz#e284348ed7c1c7e263f7039297532fa954025ea2"
  integrity sha512-FyHxRxFspVoRaeZSWpT3y0C9awomb4tXXolIJcZ7RvXhMP632V5lez+ch5G5SwK0LpnAPkg35eB0LPMFv+YMMQ==
  dependencies:
    "@polymer/polymer" "^3.0.0"

"@polymer/polymer@^3", "@polymer/polymer@^3.0.0":
  version "3.3.0"
  resolved "http://npm-server.charm2012.local:4873/@polymer%2fpolymer/-/polymer-3.3.0.tgz#52a0665ac29654728e8f46e8ee178c02c49efdd0"
  integrity sha512-rij7suomS7DxdBamnwr/Xa0V5hpypf7I9oYKseF2FWz5Xh2a3wJNpVjgJy1adXVCxqIyPhghsrthnfCt7EblsQ==
  dependencies:
    "@webcomponents/shadycss" "^1.9.1"

"@webcomponents/shadycss@^1.9.1":
  version "1.9.1"
  resolved "http://npm-server.charm2012.local:4873/@webcomponents%2fshadycss/-/shadycss-1.9.1.tgz#d769fbadfa504f11b84caeef26701f89070ec49a"
  integrity sha512-IaZOnWOKXHghqk/WfPNDRIgDBi3RsVPY2IFAw6tYiL9UBGvQRy5R6uC+Fk7qTZsReTJ0xh5MTT8yAcb3MUR4mQ==

lit-element@^2.2.0:
  version "2.2.0"
  resolved "https://registry.yarnpkg.com/lit-element/-/lit-element-2.2.0.tgz#e853be38021f0c7743a10180affdf84b8a02400c"
  integrity sha512-Mzs3H7IO4wAnpzqreHw6dQqp9IG+h/oN8X9pgNbMZbE7x6B0aNOwP5Nveox/5HE+65ZfW2PeULEjoHkrwpTnuQ==
  dependencies:
    lit-html "^1.0.0"

lit-html@^1.0.0:
  version "1.0.0"
  resolved "https://registry.yarnpkg.com/lit-html/-/lit-html-1.0.0.tgz#3dc3781a8ca68a9b5c2ff2a61e263662b9b2267b"
  integrity sha512-oeWlpLmBW3gFl7979Wol2LKITpmKTUFNn7PnFbh6YNynF61W74l6x5WhwItAwPRSATpexaX1egNnRzlN4GOtfQ==

lit-html@^1.1.1:
  version "1.1.1"
  resolved "http://npm-server.charm2012.local:4873/lit-html/-/lit-html-1.1.1.tgz#186ed6abcc70c0d24e1132b37411c3b2645ed1aa"
  integrity sha512-1WqhkPpj+CKwLRXCCbyRGnWkcFKE4ft2+j8C2zaXwFUK9I2vYDzTuDGPh0H9hZcDBEwoe6YpPC8AO5734EPORQ==

popper.js@^1.14.4:
  version "1.14.4"
  resolved "https://registry.yarnpkg.com/popper.js/-/popper.js-1.14.4.tgz#8eec1d8ff02a5a3a152dd43414a15c7b79fd69b6"
  integrity sha1-juwdj/AqWjoVLdQ0FKFce3n9abY=

pwa-helpers@^0.9.1:
  version "0.9.1"
  resolved "https://registry.yarnpkg.com/pwa-helpers/-/pwa-helpers-0.9.1.tgz#9ea22fa1996ab97df73b276cae962621c3fd2532"
  integrity sha512-4sP/C9sSxQ3w80AATmvCEI3R+MHzCwr2RSZEbLyMkeJgV3cRk7ySZRUrQnBDSA7A0/z6dkYtjuXlkhN1ZFw3iA==
